
Microsoft Visual Studio Solution File, Format Version 12.00
# Visual Studio Version 17
VisualStudioVersion = 17.12.35707.178
MinimumVisualStudioVersion = 10.0.40219.1
Project("{FAE04EC0-301F-11D3-BF4B-00C04F79EFBC}") = "World.Api", "World.Api\World.Api.csproj", "{CF7C3AEB-E1F3-4640-954B-F680923E0A7E}"
EndProject
Project("{FAE04EC0-301F-11D3-BF4B-00C04F79EFBC}") = "World_Web_Application", "World_Web_Application\World_Web_Application.csproj", "{E0585107-9876-408C-B490-8EE52B3DB59F}"
EndProject
Global
	GlobalSection(SolutionConfigurationPlatforms) = preSolution
		Debug|Any CPU = Debug|Any CPU
		Release|Any CPU = Release|Any CPU
	EndGlobalSection
	GlobalSection(ProjectConfigurationPlatforms) = postSolution
		{CF7C3AEB-E1F3-4640-954B-F680923E0A7E}.Debug|Any CPU.ActiveCfg = Debug|Any CPU
		{CF7C3AEB-E1F3-4640-954B-F680923E0A7E}.Debug|Any CPU.Build.0 = Debug|Any CPU
		{CF7C3AEB-E1F3-4640-954B-F680923E0A7E}.Release|Any CPU.ActiveCfg = Release|Any CPU
		{CF7C3AEB-E1F3-4640-954B-F680923E0A7E}.Release|Any CPU.Build.0 = Release|Any CPU
		{E0585107-9876-408C-B490-8EE52B3DB59F}.Debug|Any CPU.ActiveCfg = Debug|Any CPU
		{E0585107-9876-408C-B490-8EE52B3DB59F}.Debug|Any CPU.Build.0 = Debug|Any CPU
		{E0585107-9876-408C-B490-8EE52B3DB59F}.Release|Any CPU.ActiveCfg = Release|Any CPU
		{E0585107-9876-408C-B490-8EE52B3DB59F}.Release|Any CPU.Build.0 = Release|Any CPU
	EndGlobalSection
	GlobalSection(SolutionProperties) = preSolution
		HideSolutionNode = FALSE
	EndGlobalSection
EndGlobal
